{
  "name": "training-session",
  "version": "1.0.0",
  "lockfileVersion": 1,
  "requires": true,
  "dependencies": {
    "@types/color": {
      "version": "3.0.1",
      "resolved": "https://registry.npmjs.org/@types/color/-/color-3.0.1.tgz",
      "integrity": "sha512-oeUWVaAwI+xINDUx+3F2vJkl/vVB03VChFF/Gl3iQCdbcakjuoJyMOba+3BXRtnBhxZ7uBYqQBi9EpLnvSoztA==",
      "requires": {
        "@types/color-convert": "*"
      }
    },
    "@types/color-convert": {
      "version": "2.0.0",
      "resolved": "https://registry.npmjs.org/@types/color-convert/-/color-convert-2.0.0.tgz",
      "integrity": "sha512-m7GG7IKKGuJUXvkZ1qqG3ChccdIM/qBBo913z+Xft0nKCX4hAU/IxKwZBU4cpRZ7GS5kV4vOblUkILtSShCPXQ==",
      "requires": {
        "@types/color-name": "*"
      }
    },
    "@types/color-name": {
      "version": "1.1.1",
      "resolved": "https://registry.npmjs.org/@types/color-name/-/color-name-1.1.1.tgz",
      "integrity": "sha512-rr+OQyAjxze7GgWrSaJwydHStIhHq2lvY3BOC2Mj7KnzI7XK0Uw1TOOdI9lDoajEbSWLiYgoo4f1R51erQfhPQ=="
    },
    "@types/node": {
      "version": "14.14.35",
      "resolved": "https://registry.npmjs.org/@types/node/-/node-14.14.35.tgz",
      "integrity": "sha512-Lt+wj8NVPx0zUmUwumiVXapmaLUcAk3yPuHCFVXras9k5VT9TdhJqKqGVUQCD60OTMCl0qxJ57OiTL0Mic3Iag==",
      "dev": true
    },
    "ansi-regex": {
      "version": "4.1.0",
      "resolved": "https://registry.npmjs.org/ansi-regex/-/ansi-regex-4.1.0.tgz",
      "integrity": "sha512-1apePfXM1UOSqw0o9IiFAovVz9M5S1Dg+4TrDwfMewQ6p/rmMueb7tWZjQ1rx4Loy1ArBggoqGpfqqdI4rondg=="
    },
    "colors": {
      "version": "1.4.0",
      "resolved": "https://registry.npmjs.org/colors/-/colors-1.4.0.tgz",
      "integrity": "sha512-a+UqTh4kgZg/SlGvfbzDHpgRu7AAQOmmqRHJnxhRZICKFUT91brVhNNt58CMWU9PsBbv3PDCZUHbVxuDiH2mtA=="
    },
    "prompt-sync": {
      "version": "4.2.0",
      "resolved": "https://registry.npmjs.org/prompt-sync/-/prompt-sync-4.2.0.tgz",
      "integrity": "sha512-BuEzzc5zptP5LsgV5MZETjDaKSWfchl5U9Luiu8SKp7iZWD5tZalOxvNcZRwv+d2phNFr8xlbxmFNcRKfJOzJw==",
      "requires": {
        "strip-ansi": "^5.0.0"
      }
    },
    "strip-ansi": {
      "version": "5.2.0",
      "resolved": "https://registry.npmjs.org/strip-ansi/-/strip-ansi-5.2.0.tgz",
      "integrity": "sha512-DuRs1gKbBqsMKIZlrffwlug8MHkcnpjs5VPmL1PAh+mA30U0DTotfDZ0d2UUsXpPmPmMMJ6W773MaA3J+lbiWA==",
      "requires": {
        "ansi-regex": "^4.1.0"
      }
    }
  }
}
